<?xml version="1.0" encoding="utf-8"?>
<Project ToolsVersion="4.0" xmlns="http://schemas.microsoft.com/developer/msbuild/2003">
  <ItemGroup>
    <Filter Include="Ice">
      <UniqueIdentifier>{96F6870B-0200-887C-8B7B-9E7CF783937C}</UniqueIdentifier>
    </Filter>
  </ItemGroup>
  <ItemGroup>
    <ClInclude Include="src\Ice.h" />
    <ClInclude Include="src\Ice\Application.h">
      <Filter>Ice</Filter>
    </ClInclude>
    <ClInclude Include="src\Ice\Core.h">
      <Filter>Ice</Filter>
    </ClInclude>
    <ClInclude Include="src\Ice\EntryPoint.h">
      <Filter>Ice</Filter>
    </ClInclude>
    <ClInclude Include="src\Ice\Log.h">
      <Filter>Ice</Filter>
    </ClInclude>
    <ClInclude Include="src\Ice\Events\Event.h" />
    <ClInclude Include="src\Ice\Events\ApplicationEvent.h" />
    <ClInclude Include="src\Ice\Events\KeyEvent.h" />
    <ClInclude Include="src\Ice\Events\MouseEvent.h" />
  </ItemGroup>
  <ItemGroup>
    <ClCompile Include="src\Ice\Application.cpp">
      <Filter>Ice</Filter>
    </ClCompile>
    <ClCompile Include="src\Ice\Log.cpp">
      <Filter>Ice</Filter>
    </ClCompile>
  </ItemGroup>
</Project>