<?xml version="1.0" encoding="utf-8"?>
<Project ToolsVersion="4.0" xmlns="http://schemas.microsoft.com/developer/msbuild/2003">
  <ItemGroup>
    <Filter Include="Ice">
      <UniqueIdentifier>{96F6870B-0200-887C-8B7B-9E7CF783937C}</UniqueIdentifier>
    </Filter>
    <Filter Include="Ice\Events">
      <UniqueIdentifier>{BA9D3F6A-A655-81B7-0F5D-5A13FB331CA8}</UniqueIdentifier>
    </Filter>
    <Filter Include="Ice\ImGui">
      <UniqueIdentifier>{4084D058-ACEE-84CF-F52C-367561D66224}</UniqueIdentifier>
    </Filter>
    <Filter Include="Platform">
      <UniqueIdentifier>{2AC788B4-1694-E3BF-3FAD-D1672BD9184E}</UniqueIdentifier>
    </Filter>
    <Filter Include="Platform\OpenGL">
      <UniqueIdentifier>{1E7D2C1D-8A08-9AE1-9319-1DD6FF23F6E1}</UniqueIdentifier>
    </Filter>
    <Filter Include="Platform\Windows">
      <UniqueIdentifier>{64FBD71A-50F4-F66C-7926-DCF1657ED678}</UniqueIdentifier>
    </Filter>
  </ItemGroup>
  <ItemGroup>
    <ClInclude Include="src\Ice.h" />
    <ClInclude Include="src\Ice\Application.h">
      <Filter>Ice</Filter>
    </ClInclude>
    <ClInclude Include="src\Ice\Core.h">
      <Filter>Ice</Filter>
    </ClInclude>
    <ClInclude Include="src\Ice\EntryPoint.h">
      <Filter>Ice</Filter>
    </ClInclude>
    <ClInclude Include="src\Ice\Events\ApplicationEvent.h">
      <Filter>Ice\Events</Filter>
    </ClInclude>
    <ClInclude Include="src\Ice\Events\Event.h">
      <Filter>Ice\Events</Filter>
    </ClInclude>
    <ClInclude Include="src\Ice\Events\KeyEvent.h">
      <Filter>Ice\Events</Filter>
    </ClInclude>
    <ClInclude Include="src\Ice\Events\MouseEvent.h">
      <Filter>Ice\Events</Filter>
    </ClInclude>
    <ClInclude Include="src\Ice\ImGui\ImGuiLayer.h">
      <Filter>Ice\ImGui</Filter>
    </ClInclude>
    <ClInclude Include="src\Ice\Layer.h">
      <Filter>Ice</Filter>
    </ClInclude>
    <ClInclude Include="src\Ice\LayerStack.h">
      <Filter>Ice</Filter>
    </ClInclude>
    <ClInclude Include="src\Ice\Log.h">
      <Filter>Ice</Filter>
    </ClInclude>
    <ClInclude Include="src\Ice\Window.h">
      <Filter>Ice</Filter>
    </ClInclude>
    <ClInclude Include="src\Platform\OpenGL\imgui_impl_glfw.h">
      <Filter>Platform\OpenGL</Filter>
    </ClInclude>
    <ClInclude Include="src\Platform\OpenGL\ImGuiOpenGLRenderer.h">
      <Filter>Platform\OpenGL</Filter>
    </ClInclude>
    <ClInclude Include="src\Platform\OpenGL\ImGuiOpenGLRenderer_loader.h">
      <Filter>Platform\OpenGL</Filter>
    </ClInclude>
    <ClInclude Include="src\Platform\Windows\WindowsWindow.h">
      <Filter>Platform\Windows</Filter>
    </ClInclude>
    <ClInclude Include="src\icepch.h" />
  </ItemGroup>
  <ItemGroup>
    <ClCompile Include="src\Ice\Application.cpp">
      <Filter>Ice</Filter>
    </ClCompile>
    <ClCompile Include="src\Ice\ImGui\ImGuiLayer.cpp">
      <Filter>Ice\ImGui</Filter>
    </ClCompile>
    <ClCompile Include="src\Ice\Layer.cpp">
      <Filter>Ice</Filter>
    </ClCompile>
    <ClCompile Include="src\Ice\LayerStack.cpp">
      <Filter>Ice</Filter>
    </ClCompile>
    <ClCompile Include="src\Ice\Log.cpp">
      <Filter>Ice</Filter>
    </ClCompile>
    <ClCompile Include="src\Platform\OpenGL\imgui_impl_glfw.cpp">
      <Filter>Platform\OpenGL</Filter>
    </ClCompile>
    <ClCompile Include="src\Platform\OpenGL\ImGuiOpenGLRenderer.cpp">
      <Filter>Platform\OpenGL</Filter>
    </ClCompile>
    <ClCompile Include="src\Platform\Windows\WindowsWindow.cpp">
      <Filter>Platform\Windows</Filter>
    </ClCompile>
    <ClCompile Include="src\icepch.cpp" />
  </ItemGroup>
</Project>